{"1.2.0",
[{<<"erlydtl">>,{pkg,<<"erlydtl">>,<<"0.13.1">>},0},
 {<<"getopt">>,{pkg,<<"getopt">>,<<"1.0.2">>},0}]}.
[
{pkg_hash,[
 {<<"erlydtl">>, <<"91481928557544C843E2B33F8AA17693F16B65EEBC9EF08C71EBE90CBD1A84F1">>},
 {<<"getopt">>, <<"33D9B44289FE7AD08627DDFE1D798E30B2DA0033B51DA1B3A2D64E72CD581D02">>}]},
{pkg_hash_ext,[
 {<<"erlydtl">>, <<"A366C4CD32E8B54D7D0825AA51EF6A12C35D6D558BEFFC276275AD335B1FDBED">>},
 {<<"getopt">>, <<"A0029AEA4322FB82A61F6876A6D9C66DC9878B6CB61FAA13DF3187384FD4EA26">>}]}
].
